
Microsoft Visual Studio Solution File, Format Version 12.00
# Visual Studio Version 17
VisualStudioVersion = 17.6.33712.159
MinimumVisualStudioVersion = 10.0.40219.1
Project("{FAE04EC0-301F-11D3-BF4B-00C04F79EFBC}") = "SIRHU", "SIRHU.csproj", "{54F7444E-37D8-4422-BE82-E7DC54EB6E1D}"
EndProject
Global
	GlobalSection(SolutionConfigurationPlatforms) = preSolution
		Debug|Any CPU = Debug|Any CPU
		Release|Any CPU = Release|Any CPU
	EndGlobalSection
	GlobalSection(ProjectConfigurationPlatforms) = postSolution
		{54F7444E-37D8-4422-BE82-E7DC54EB6E1D}.Debug|Any CPU.ActiveCfg = Debug|Any CPU
		{54F7444E-37D8-4422-BE82-E7DC54EB6E1D}.Debug|Any CPU.Build.0 = Debug|Any CPU
		{54F7444E-37D8-4422-BE82-E7DC54EB6E1D}.Release|Any CPU.ActiveCfg = Release|Any CPU
		{54F7444E-37D8-4422-BE82-E7DC54EB6E1D}.Release|Any CPU.Build.0 = Release|Any CPU
	EndGlobalSection
	GlobalSection(SolutionProperties) = preSolution
		HideSolutionNode = FALSE
	EndGlobalSection
	GlobalSection(ExtensibilityGlobals) = postSolution
		SolutionGuid = {0F3929F4-4044-48BF-8352-7D39044DCB32}
	EndGlobalSection
EndGlobal
